
Microsoft Visual Studio Solution File, Format Version 12.00
# Visual Studio Version 16
VisualStudioVersion = 16.0.31605.320
MinimumVisualStudioVersion = 10.0.40219.1
Project("{9A19103F-16F7-4668-BE54-9A1E7A4F7556}") = "Web.API", "Web.API\Web.API.csproj", "{316CA6E7-A9E7-4796-921D-134B9E399893}"
EndProject
Project("{FAE04EC0-301F-11D3-BF4B-00C04F79EFBC}") = "Common", "Common\Common.csproj", "{7CAEBEB2-98AC-46CB-8E10-66A854984DDE}"
EndProject
Global
	GlobalSection(SolutionConfigurationPlatforms) = preSolution
		Debug|Any CPU = Debug|Any CPU
		Release|Any CPU = Release|Any CPU
	EndGlobalSection
	GlobalSection(ProjectConfigurationPlatforms) = postSolution
		{316CA6E7-A9E7-4796-921D-134B9E399893}.Debug|Any CPU.ActiveCfg = Debug|Any CPU
		{316CA6E7-A9E7-4796-921D-134B9E399893}.Debug|Any CPU.Build.0 = Debug|Any CPU
		{316CA6E7-A9E7-4796-921D-134B9E399893}.Release|Any CPU.ActiveCfg = Release|Any CPU
		{316CA6E7-A9E7-4796-921D-134B9E399893}.Release|Any CPU.Build.0 = Release|Any CPU
		{7CAEBEB2-98AC-46CB-8E10-66A854984DDE}.Debug|Any CPU.ActiveCfg = Debug|Any CPU
		{7CAEBEB2-98AC-46CB-8E10-66A854984DDE}.Debug|Any CPU.Build.0 = Debug|Any CPU
		{7CAEBEB2-98AC-46CB-8E10-66A854984DDE}.Release|Any CPU.ActiveCfg = Release|Any CPU
		{7CAEBEB2-98AC-46CB-8E10-66A854984DDE}.Release|Any CPU.Build.0 = Release|Any CPU
	EndGlobalSection
	GlobalSection(SolutionProperties) = preSolution
		HideSolutionNode = FALSE
	EndGlobalSection
	GlobalSection(ExtensibilityGlobals) = postSolution
		SolutionGuid = {52749165-A25D-430D-BA36-C7D4A9AC20C4}
	EndGlobalSection
EndGlobal
